
Microsoft Visual Studio Solution File, Format Version 11.00
# Visual Studio 2010
Project("{8BC9CEB8-8B4A-11D0-8D11-00A0C91BC942}") = "03_4_recursive_solution", "03_4_recursive_solution.vcxproj", "{AC536F3F-E018-46B6-83CC-24A5D166290E}"
EndProject
Global
	GlobalSection(SolutionConfigurationPlatforms) = preSolution
		Debug|Win32 = Debug|Win32
		Release|Win32 = Release|Win32
	EndGlobalSection
	GlobalSection(ProjectConfigurationPlatforms) = postSolution
		{AC536F3F-E018-46B6-83CC-24A5D166290E}.Debug|Win32.ActiveCfg = Debug|Win32
		{AC536F3F-E018-46B6-83CC-24A5D166290E}.Debug|Win32.Build.0 = Debug|Win32
		{AC536F3F-E018-46B6-83CC-24A5D166290E}.Release|Win32.ActiveCfg = Release|Win32
		{AC536F3F-E018-46B6-83CC-24A5D166290E}.Release|Win32.Build.0 = Release|Win32
	EndGlobalSection
	GlobalSection(SolutionProperties) = preSolution
		HideSolutionNode = FALSE
	EndGlobalSection
EndGlobal
