
Microsoft Visual Studio Solution File, Format Version 11.00
# Visual Studio 2010
Project("{8BC9CEB8-8B4A-11D0-8D11-00A0C91BC942}") = "array_suup", "array_suup.vcxproj", "{59B3F070-9F3E-4FE9-8DBF-346FF690F64D}"
EndProject
Global
	GlobalSection(SolutionConfigurationPlatforms) = preSolution
		Debug|Win32 = Debug|Win32
		Release|Win32 = Release|Win32
	EndGlobalSection
	GlobalSection(ProjectConfigurationPlatforms) = postSolution
		{59B3F070-9F3E-4FE9-8DBF-346FF690F64D}.Debug|Win32.ActiveCfg = Debug|Win32
		{59B3F070-9F3E-4FE9-8DBF-346FF690F64D}.Debug|Win32.Build.0 = Debug|Win32
		{59B3F070-9F3E-4FE9-8DBF-346FF690F64D}.Release|Win32.ActiveCfg = Release|Win32
		{59B3F070-9F3E-4FE9-8DBF-346FF690F64D}.Release|Win32.Build.0 = Release|Win32
	EndGlobalSection
	GlobalSection(SolutionProperties) = preSolution
		HideSolutionNode = FALSE
	EndGlobalSection
EndGlobal
